
Microsoft Visual Studio Solution File, Format Version 12.00
# Visual Studio Version 16
VisualStudioVersion = 16.0.33801.447
MinimumVisualStudioVersion = 10.0.40219.1
Project("{FAE04EC0-301F-11D3-BF4B-00C04F79EFBC}") = "WebApplication2", "WebApplication2\WebApplication2.csproj", "{3D2A08FE-8774-460A-83EE-08355A2F450A}"
EndProject
Global
	GlobalSection(SolutionConfigurationPlatforms) = preSolution
		Debug|Any CPU = Debug|Any CPU
		Release|Any CPU = Release|Any CPU
	EndGlobalSection
	GlobalSection(ProjectConfigurationPlatforms) = postSolution
		{3D2A08FE-8774-460A-83EE-08355A2F450A}.Debug|Any CPU.ActiveCfg = Debug|Any CPU
		{3D2A08FE-8774-460A-83EE-08355A2F450A}.Debug|Any CPU.Build.0 = Debug|Any CPU
		{3D2A08FE-8774-460A-83EE-08355A2F450A}.Release|Any CPU.ActiveCfg = Release|Any CPU
		{3D2A08FE-8774-460A-83EE-08355A2F450A}.Release|Any CPU.Build.0 = Release|Any CPU
	EndGlobalSection
	GlobalSection(SolutionProperties) = preSolution
		HideSolutionNode = FALSE
	EndGlobalSection
	GlobalSection(ExtensibilityGlobals) = postSolution
		SolutionGuid = {D1005A8E-A698-49A9-887E-F9ED8C4A4029}
	EndGlobalSection
EndGlobal
